Microsoft Visual Studio Solution File, Format Version 12.00
# Visual Studio Version 17
VisualStudioVersion = 17.12.35521.163
MinimumVisualStudioVersion = 10.0.40219.1
Project("{2150E333-8FDC-42A3-9474-1A3956D46DE8}") = "Graphics", "Graphics", "{1CC74F0C-F89E-45F0-B02A-93FB97CBF906}"
EndProject
Project("{2150E333-8FDC-42A3-9474-1A3956D46DE8}") = "Tests", "Tests", "{AD83ACD6-10A5-4CDC-8DC0-E34E7E8C5ADD}"
EndProject
Project("{FAE04EC0-301F-11D3-BF4B-00C04F79EFBC}") = "Graphics.Core", "Source\Graphics\Graphics.Core\Graphics.Core.csproj", "{48888D39-0EE5-4B00-B6C1-714D656D823E}"
EndProject
Project("{FAE04EC0-301F-11D3-BF4B-00C04F79EFBC}") = "Graphics.Engine", "Source\Graphics\Graphics.Engine\Graphics.Engine.csproj", "{FEF97A80-A787-40B0-8499-022B714C4BC2}"
EndProject
Project("{FAE04EC0-301F-11D3-BF4B-00C04F79EFBC}") = "Graphics.Vulkan", "Source\Graphics\Graphics.Vulkan\Graphics.Vulkan.csproj", "{EE4508A1-2952-471B-9508-84948E743DDA}"
EndProject
Project("{FAE04EC0-301F-11D3-BF4B-00C04F79EFBC}") = "Graphics.Windowing", "Source\Graphics\Graphics.Windowing\Graphics.Windowing.csproj", "{12D42617-8FBA-43CA-A4A7-2BF39E6E0D4C}"
EndProject
Project("{FAE04EC0-301F-11D3-BF4B-00C04F79EFBC}") = "Tests.Core", "Source\Tests\Tests.Core\Tests.Core.csproj", "{29DECB73-14C2-4C63-BB80-D069C8A1B212}"
EndProject
Project("{FAE04EC0-301F-11D3-BF4B-00C04F79EFBC}") = "Tests.AndroidApp", "Source\Tests\Tests.AndroidApp\Tests.AndroidApp.csproj", "{E804CDB7-ECE4-4E3B-AE36-CC429BD50DA0}"
EndProject
Project("{FAE04EC0-301F-11D3-BF4B-00C04F79EFBC}") = "Tests.Compute", "Source\Tests\Tests.Compute\Tests.Compute.csproj", "{91CB61AD-9BA9-4B4B-ACDB-D712D775D0F9}"
EndProject
Project("{FAE04EC0-301F-11D3-BF4B-00C04F79EFBC}") = "Tests.GLTFAnimation", "Source\Tests\Tests.GLTFAnimation\Tests.GLTFAnimation.csproj", "{E54FFFBB-6DFC-41BD-B9B3-1945D1437F17}"
EndProject
Project("{FAE04EC0-301F-11D3-BF4B-00C04F79EFBC}") = "Tests.GLTFScene", "Source\Tests\Tests.GLTFScene\Tests.GLTFScene.csproj", "{81E911BC-41D3-4732-96DE-01388CC19923}"
EndProject
Project("{FAE04EC0-301F-11D3-BF4B-00C04F79EFBC}") = "Tests.MultiViewports", "Source\Tests\Tests.MultiViewports\Tests.MultiViewports.csproj", "{717B9A6C-2A47-4BAE-9F73-3ED5E4954EB4}"
EndProject
Project("{FAE04EC0-301F-11D3-BF4B-00C04F79EFBC}") = "Tests.RayQuery", "Source\Tests\Tests.RayQuery\Tests.RayQuery.csproj", "{174C0C1A-CAC6-4318-9BDD-42211C4017B7}"
EndProject
Project("{FAE04EC0-301F-11D3-BF4B-00C04F79EFBC}") = "Tests.RayTracing", "Source\Tests\Tests.RayTracing\Tests.RayTracing.csproj", "{A8C3AF04-DB5C-4AF8-AA43-A13DE9BF0CA8}"
EndProject
Project("{FAE04EC0-301F-11D3-BF4B-00C04F79EFBC}") = "Tests.SDFFontTexture", "Source\Tests\Tests.SDFFontTexture\Tests.SDFFontTexture.csproj", "{C89DE0F2-A97F-4068-B626-AEA086A0890F}"
EndProject
Project("{FAE04EC0-301F-11D3-BF4B-00C04F79EFBC}") = "Tests.Skia", "Source\Tests\Tests.Skia\Tests.Skia.csproj", "{DACA4C31-438B-4FBB-A938-FC7570FE0849}"
EndProject
Project("{FAE04EC0-301F-11D3-BF4B-00C04F79EFBC}") = "Tests.WPF", "Source\Tests\Tests.WPF\Tests.WPF.csproj", "{7F266E29-B73C-4351-8F2E-DE19A659C653}"
EndProject
Project("{FAE04EC0-301F-11D3-BF4B-00C04F79EFBC}") = "Tests.AvaloniaApp", "Source\Tests\Tests.AvaloniaApp\Tests.AvaloniaApp.csproj", "{EC2677BF-8064-474A-AA30-DCE5F4718EEB}"
EndProject
Global
	GlobalSection(SolutionConfigurationPlatforms) = preSolution
		Debug|Any CPU = Debug|Any CPU
		Release|Any CPU = Release|Any CPU
	EndGlobalSection
	GlobalSection(ProjectConfigurationPlatforms) = postSolution
		{48888D39-0EE5-4B00-B6C1-714D656D823E}.Debug|Any CPU.ActiveCfg = Debug|Any CPU
		{48888D39-0EE5-4B00-B6C1-714D656D823E}.Debug|Any CPU.Build.0 = Debug|Any CPU
		{48888D39-0EE5-4B00-B6C1-714D656D823E}.Release|Any CPU.ActiveCfg = Release|Any CPU
		{48888D39-0EE5-4B00-B6C1-714D656D823E}.Release|Any CPU.Build.0 = Release|Any CPU
		{FEF97A80-A787-40B0-8499-022B714C4BC2}.Debug|Any CPU.ActiveCfg = Debug|Any CPU
		{FEF97A80-A787-40B0-8499-022B714C4BC2}.Debug|Any CPU.Build.0 = Debug|Any CPU
		{FEF97A80-A787-40B0-8499-022B714C4BC2}.Release|Any CPU.ActiveCfg = Release|Any CPU
		{FEF97A80-A787-40B0-8499-022B714C4BC2}.Release|Any CPU.Build.0 = Release|Any CPU
		{EE4508A1-2952-471B-9508-84948E743DDA}.Debug|Any CPU.ActiveCfg = Debug|Any CPU
		{EE4508A1-2952-471B-9508-84948E743DDA}.Debug|Any CPU.Build.0 = Debug|Any CPU
		{EE4508A1-2952-471B-9508-84948E743DDA}.Release|Any CPU.ActiveCfg = Release|Any CPU
		{EE4508A1-2952-471B-9508-84948E743DDA}.Release|Any CPU.Build.0 = Release|Any CPU
		{12D42617-8FBA-43CA-A4A7-2BF39E6E0D4C}.Debug|Any CPU.ActiveCfg = Debug|Any CPU
		{12D42617-8FBA-43CA-A4A7-2BF39E6E0D4C}.Debug|Any CPU.Build.0 = Debug|Any CPU
		{12D42617-8FBA-43CA-A4A7-2BF39E6E0D4C}.Release|Any CPU.ActiveCfg = Release|Any CPU
		{12D42617-8FBA-43CA-A4A7-2BF39E6E0D4C}.Release|Any CPU.Build.0 = Release|Any CPU
		{29DECB73-14C2-4C63-BB80-D069C8A1B212}.Debug|Any CPU.ActiveCfg = Debug|Any CPU
		{29DECB73-14C2-4C63-BB80-D069C8A1B212}.Debug|Any CPU.Build.0 = Debug|Any CPU
		{29DECB73-14C2-4C63-BB80-D069C8A1B212}.Release|Any CPU.ActiveCfg = Release|Any CPU
		{29DECB73-14C2-4C63-BB80-D069C8A1B212}.Release|Any CPU.Build.0 = Release|Any CPU
		{E804CDB7-ECE4-4E3B-AE36-CC429BD50DA0}.Debug|Any CPU.ActiveCfg = Debug|Any CPU
		{E804CDB7-ECE4-4E3B-AE36-CC429BD50DA0}.Debug|Any CPU.Build.0 = Debug|Any CPU
		{E804CDB7-ECE4-4E3B-AE36-CC429BD50DA0}.Debug|Any CPU.Deploy.0 = Debug|Any CPU
		{E804CDB7-ECE4-4E3B-AE36-CC429BD50DA0}.Release|Any CPU.ActiveCfg = Release|Any CPU
		{E804CDB7-ECE4-4E3B-AE36-CC429BD50DA0}.Release|Any CPU.Build.0 = Release|Any CPU
		{E804CDB7-ECE4-4E3B-AE36-CC429BD50DA0}.Release|Any CPU.Deploy.0 = Release|Any CPU
		{91CB61AD-9BA9-4B4B-ACDB-D712D775D0F9}.Debug|Any CPU.ActiveCfg = Debug|Any CPU
		{91CB61AD-9BA9-4B4B-ACDB-D712D775D0F9}.Debug|Any CPU.Build.0 = Debug|Any CPU
		{91CB61AD-9BA9-4B4B-ACDB-D712D775D0F9}.Release|Any CPU.ActiveCfg = Release|Any CPU
		{91CB61AD-9BA9-4B4B-ACDB-D712D775D0F9}.Release|Any CPU.Build.0 = Release|Any CPU
		{E54FFFBB-6DFC-41BD-B9B3-1945D1437F17}.Debug|Any CPU.ActiveCfg = Debug|Any CPU
		{E54FFFBB-6DFC-41BD-B9B3-1945D1437F17}.Debug|Any CPU.Build.0 = Debug|Any CPU
		{E54FFFBB-6DFC-41BD-B9B3-1945D1437F17}.Release|Any CPU.ActiveCfg = Release|Any CPU
		{E54FFFBB-6DFC-41BD-B9B3-1945D1437F17}.Release|Any CPU.Build.0 = Release|Any CPU
		{81E911BC-41D3-4732-96DE-01388CC19923}.Debug|Any CPU.ActiveCfg = Debug|Any CPU
		{81E911BC-41D3-4732-96DE-01388CC19923}.Debug|Any CPU.Build.0 = Debug|Any CPU
		{81E911BC-41D3-4732-96DE-01388CC19923}.Release|Any CPU.ActiveCfg = Release|Any CPU
		{81E911BC-41D3-4732-96DE-01388CC19923}.Release|Any CPU.Build.0 = Release|Any CPU
		{717B9A6C-2A47-4BAE-9F73-3ED5E4954EB4}.Debug|Any CPU.ActiveCfg = Debug|Any CPU
		{717B9A6C-2A47-4BAE-9F73-3ED5E4954EB4}.Debug|Any CPU.Build.0 = Debug|Any CPU
		{717B9A6C-2A47-4BAE-9F73-3ED5E4954EB4}.Release|Any CPU.ActiveCfg = Release|Any CPU
		{717B9A6C-2A47-4BAE-9F73-3ED5E4954EB4}.Release|Any CPU.Build.0 = Release|Any CPU
		{174C0C1A-CAC6-4318-9BDD-42211C4017B7}.Debug|Any CPU.ActiveCfg = Debug|Any CPU
		{174C0C1A-CAC6-4318-9BDD-42211C4017B7}.Debug|Any CPU.Build.0 = Debug|Any CPU
		{174C0C1A-CAC6-4318-9BDD-42211C4017B7}.Release|Any CPU.ActiveCfg = Release|Any CPU
		{174C0C1A-CAC6-4318-9BDD-42211C4017B7}.Release|Any CPU.Build.0 = Release|Any CPU
		{A8C3AF04-DB5C-4AF8-AA43-A13DE9BF0CA8}.Debug|Any CPU.ActiveCfg = Debug|Any CPU
		{A8C3AF04-DB5C-4AF8-AA43-A13DE9BF0CA8}.Debug|Any CPU.Build.0 = Debug|Any CPU
		{A8C3AF04-DB5C-4AF8-AA43-A13DE9BF0CA8}.Release|Any CPU.ActiveCfg = Release|Any CPU
		{A8C3AF04-DB5C-4AF8-AA43-A13DE9BF0CA8}.Release|Any CPU.Build.0 = Release|Any CPU
		{C89DE0F2-A97F-4068-B626-AEA086A0890F}.Debug|Any CPU.ActiveCfg = Debug|Any CPU
		{C89DE0F2-A97F-4068-B626-AEA086A0890F}.Debug|Any CPU.Build.0 = Debug|Any CPU
		{C89DE0F2-A97F-4068-B626-AEA086A0890F}.Release|Any CPU.ActiveCfg = Release|Any CPU
		{C89DE0F2-A97F-4068-B626-AEA086A0890F}.Release|Any CPU.Build.0 = Release|Any CPU
		{DACA4C31-438B-4FBB-A938-FC7570FE0849}.Debug|Any CPU.ActiveCfg = Debug|Any CPU
		{DACA4C31-438B-4FBB-A938-FC7570FE0849}.Debug|Any CPU.Build.0 = Debug|Any CPU
		{DACA4C31-438B-4FBB-A938-FC7570FE0849}.Release|Any CPU.ActiveCfg = Release|Any CPU
		{DACA4C31-438B-4FBB-A938-FC7570FE0849}.Release|Any CPU.Build.0 = Release|Any CPU
		{7F266E29-B73C-4351-8F2E-DE19A659C653}.Debug|Any CPU.ActiveCfg = Debug|Any CPU
		{7F266E29-B73C-4351-8F2E-DE19A659C653}.Debug|Any CPU.Build.0 = Debug|Any CPU
		{7F266E29-B73C-4351-8F2E-DE19A659C653}.Release|Any CPU.ActiveCfg = Release|Any CPU
		{7F266E29-B73C-4351-8F2E-DE19A659C653}.Release|Any CPU.Build.0 = Release|Any CPU
		{EC2677BF-8064-474A-AA30-DCE5F4718EEB}.Debug|Any CPU.ActiveCfg = Debug|Any CPU
		{EC2677BF-8064-474A-AA30-DCE5F4718EEB}.Debug|Any CPU.Build.0 = Debug|Any CPU
		{EC2677BF-8064-474A-AA30-DCE5F4718EEB}.Release|Any CPU.ActiveCfg = Release|Any CPU
		{EC2677BF-8064-474A-AA30-DCE5F4718EEB}.Release|Any CPU.Build.0 = Release|Any CPU
	EndGlobalSection
	GlobalSection(SolutionProperties) = preSolution
		HideSolutionNode = FALSE
	EndGlobalSection
	GlobalSection(NestedProjects) = preSolution
		{48888D39-0EE5-4B00-B6C1-714D656D823E} = {1CC74F0C-F89E-45F0-B02A-93FB97CBF906}
		{FEF97A80-A787-40B0-8499-022B714C4BC2} = {1CC74F0C-F89E-45F0-B02A-93FB97CBF906}
		{EE4508A1-2952-471B-9508-84948E743DDA} = {1CC74F0C-F89E-45F0-B02A-93FB97CBF906}
		{12D42617-8FBA-43CA-A4A7-2BF39E6E0D4C} = {1CC74F0C-F89E-45F0-B02A-93FB97CBF906}
		{29DECB73-14C2-4C63-BB80-D069C8A1B212} = {AD83ACD6-10A5-4CDC-8DC0-E34E7E8C5ADD}
		{E804CDB7-ECE4-4E3B-AE36-CC429BD50DA0} = {AD83ACD6-10A5-4CDC-8DC0-E34E7E8C5ADD}
		{91CB61AD-9BA9-4B4B-ACDB-D712D775D0F9} = {AD83ACD6-10A5-4CDC-8DC0-E34E7E8C5ADD}
		{E54FFFBB-6DFC-41BD-B9B3-1945D1437F17} = {AD83ACD6-10A5-4CDC-8DC0-E34E7E8C5ADD}
		{81E911BC-41D3-4732-96DE-01388CC19923} = {AD83ACD6-10A5-4CDC-8DC0-E34E7E8C5ADD}
		{717B9A6C-2A47-4BAE-9F73-3ED5E4954EB4} = {AD83ACD6-10A5-4CDC-8DC0-E34E7E8C5ADD}
		{174C0C1A-CAC6-4318-9BDD-42211C4017B7} = {AD83ACD6-10A5-4CDC-8DC0-E34E7E8C5ADD}
		{A8C3AF04-DB5C-4AF8-AA43-A13DE9BF0CA8} = {AD83ACD6-10A5-4CDC-8DC0-E34E7E8C5ADD}
		{C89DE0F2-A97F-4068-B626-AEA086A0890F} = {AD83ACD6-10A5-4CDC-8DC0-E34E7E8C5ADD}
		{DACA4C31-438B-4FBB-A938-FC7570FE0849} = {AD83ACD6-10A5-4CDC-8DC0-E34E7E8C5ADD}
		{7F266E29-B73C-4351-8F2E-DE19A659C653} = {AD83ACD6-10A5-4CDC-8DC0-E34E7E8C5ADD}
		{EC2677BF-8064-474A-AA30-DCE5F4718EEB} = {AD83ACD6-10A5-4CDC-8DC0-E34E7E8C5ADD}
	EndGlobalSection
EndGlobal
