Microsoft Visual Studio Solution File, Format Version 12.00
# Visual Studio Version 17
VisualStudioVersion = 17.12.35527.113
MinimumVisualStudioVersion = 10.0.40219.1
Project("{2150E333-8FDC-42A3-9474-1A3956D46DE8}") = "Solution Items", "Solution Items", "{FE67A5F1-8BD0-48E9-8C50-FADF5CA48854}"
	ProjectSection(SolutionItems) = preProject
		.gitattributes = .gitattributes
		.gitignore = .gitignore
		Directory.Build.props = Directory.Build.props
		Directory.Packages.props = Directory.Packages.props
		README.md = README.md
	EndProjectSection
EndProject
Project("{2150E333-8FDC-42A3-9474-1A3956D46DE8}") = "Samples", "Samples", "{58E6BF3A-D3EF-4E2E-A2AB-05A89B80B68E}"
EndProject
Project("{FAE04EC0-301F-11D3-BF4B-00C04F79EFBC}") = "Core", "src\Core\Core.csproj", "{B8CF5F74-7720-40BA-A665-376E27C780B0}"
EndProject
Project("{FAE04EC0-301F-11D3-BF4B-00C04F79EFBC}") = "Vulkan", "src\Vulkan\Vulkan.csproj", "{30ABBE7F-E16A-4C44-AF86-2593C4A9DC8F}"
EndProject
Project("{FAE04EC0-301F-11D3-BF4B-00C04F79EFBC}") = "Windowing", "src\Windowing\Windowing.csproj", "{0F2E50E4-415E-47C7-AD2D-D18108491EE6}"
EndProject
Global
	GlobalSection(SolutionConfigurationPlatforms) = preSolution
		Debug|Any CPU = Debug|Any CPU
		Release|Any CPU = Release|Any CPU
	EndGlobalSection
	GlobalSection(ProjectConfigurationPlatforms) = postSolution
		{B8CF5F74-7720-40BA-A665-376E27C780B0}.Debug|Any CPU.ActiveCfg = Debug|Any CPU
		{B8CF5F74-7720-40BA-A665-376E27C780B0}.Debug|Any CPU.Build.0 = Debug|Any CPU
		{B8CF5F74-7720-40BA-A665-376E27C780B0}.Release|Any CPU.ActiveCfg = Release|Any CPU
		{B8CF5F74-7720-40BA-A665-376E27C780B0}.Release|Any CPU.Build.0 = Release|Any CPU
		{30ABBE7F-E16A-4C44-AF86-2593C4A9DC8F}.Debug|Any CPU.ActiveCfg = Debug|Any CPU
		{30ABBE7F-E16A-4C44-AF86-2593C4A9DC8F}.Debug|Any CPU.Build.0 = Debug|Any CPU
		{30ABBE7F-E16A-4C44-AF86-2593C4A9DC8F}.Release|Any CPU.ActiveCfg = Release|Any CPU
		{30ABBE7F-E16A-4C44-AF86-2593C4A9DC8F}.Release|Any CPU.Build.0 = Release|Any CPU
		{0F2E50E4-415E-47C7-AD2D-D18108491EE6}.Debug|Any CPU.ActiveCfg = Debug|Any CPU
		{0F2E50E4-415E-47C7-AD2D-D18108491EE6}.Debug|Any CPU.Build.0 = Debug|Any CPU
		{0F2E50E4-415E-47C7-AD2D-D18108491EE6}.Release|Any CPU.ActiveCfg = Release|Any CPU
		{0F2E50E4-415E-47C7-AD2D-D18108491EE6}.Release|Any CPU.Build.0 = Release|Any CPU
	EndGlobalSection
	GlobalSection(SolutionProperties) = preSolution
		HideSolutionNode = FALSE
	EndGlobalSection
EndGlobal
